
Microsoft Visual Studio Solution File, Format Version 12.00
# Visual Studio Version 16
VisualStudioVersion = 16.0.30717.126
MinimumVisualStudioVersion = 10.0.40219.1
Project("{FAE04EC0-301F-11D3-BF4B-00C04F79EFBC}") = "KomodoInsurance_ConsoleApp", "KomodoInsurance\KomodoInsurance_ConsoleApp.csproj", "{227A5206-3F57-4B8F-8D0D-7FD97FD751BA}"
EndProject
Project("{FAE04EC0-301F-11D3-BF4B-00C04F79EFBC}") = "KomodoInsurance_Repository", "KomodoInsuranceRepository\KomodoInsurance_Repository.csproj", "{EEC72693-B862-494A-B28E-3F0B3563E56F}"
EndProject
Global
	GlobalSection(SolutionConfigurationPlatforms) = preSolution
		Debug|Any CPU = Debug|Any CPU
		Release|Any CPU = Release|Any CPU
	EndGlobalSection
	GlobalSection(ProjectConfigurationPlatforms) = postSolution
		{227A5206-3F57-4B8F-8D0D-7FD97FD751BA}.Debug|Any CPU.ActiveCfg = Debug|Any CPU
		{227A5206-3F57-4B8F-8D0D-7FD97FD751BA}.Debug|Any CPU.Build.0 = Debug|Any CPU
		{227A5206-3F57-4B8F-8D0D-7FD97FD751BA}.Release|Any CPU.ActiveCfg = Release|Any CPU
		{227A5206-3F57-4B8F-8D0D-7FD97FD751BA}.Release|Any CPU.Build.0 = Release|Any CPU
		{EEC72693-B862-494A-B28E-3F0B3563E56F}.Debug|Any CPU.ActiveCfg = Debug|Any CPU
		{EEC72693-B862-494A-B28E-3F0B3563E56F}.Debug|Any CPU.Build.0 = Debug|Any CPU
		{EEC72693-B862-494A-B28E-3F0B3563E56F}.Release|Any CPU.ActiveCfg = Release|Any CPU
		{EEC72693-B862-494A-B28E-3F0B3563E56F}.Release|Any CPU.Build.0 = Release|Any CPU
	EndGlobalSection
	GlobalSection(SolutionProperties) = preSolution
		HideSolutionNode = FALSE
	EndGlobalSection
	GlobalSection(ExtensibilityGlobals) = postSolution
		SolutionGuid = {3D88E388-5F46-4174-83A4-16F52B920A61}
	EndGlobalSection
EndGlobal
